
Microsoft Visual Studio Solution File, Format Version 12.00
# Visual Studio Version 16
VisualStudioVersion = 16.0.29306.81
MinimumVisualStudioVersion = 10.0.40219.1
Project("{FAE04EC0-301F-11D3-BF4B-00C04F79EFBC}") = "ReactPeopleAndCars.Web", "ReactPeopleAndCars.Web\ReactPeopleAndCars.Web.csproj", "{6EEDC16B-5C50-455E-8E81-1FB4C8A1C266}"
EndProject
Project("{FAE04EC0-301F-11D3-BF4B-00C04F79EFBC}") = "ReactPeopleAndCars.Data", "ReactPeopleAndCars.Data\ReactPeopleAndCars.Data.csproj", "{FFF81454-05AB-43D0-8F00-F33667A8F3F3}"
EndProject
Global
	GlobalSection(SolutionConfigurationPlatforms) = preSolution
		Debug|Any CPU = Debug|Any CPU
		Release|Any CPU = Release|Any CPU
	EndGlobalSection
	GlobalSection(ProjectConfigurationPlatforms) = postSolution
		{6EEDC16B-5C50-455E-8E81-1FB4C8A1C266}.Debug|Any CPU.ActiveCfg = Debug|Any CPU
		{6EEDC16B-5C50-455E-8E81-1FB4C8A1C266}.Debug|Any CPU.Build.0 = Debug|Any CPU
		{6EEDC16B-5C50-455E-8E81-1FB4C8A1C266}.Release|Any CPU.ActiveCfg = Release|Any CPU
		{6EEDC16B-5C50-455E-8E81-1FB4C8A1C266}.Release|Any CPU.Build.0 = Release|Any CPU
		{FFF81454-05AB-43D0-8F00-F33667A8F3F3}.Debug|Any CPU.ActiveCfg = Debug|Any CPU
		{FFF81454-05AB-43D0-8F00-F33667A8F3F3}.Debug|Any CPU.Build.0 = Debug|Any CPU
		{FFF81454-05AB-43D0-8F00-F33667A8F3F3}.Release|Any CPU.ActiveCfg = Release|Any CPU
		{FFF81454-05AB-43D0-8F00-F33667A8F3F3}.Release|Any CPU.Build.0 = Release|Any CPU
	EndGlobalSection
	GlobalSection(SolutionProperties) = preSolution
		HideSolutionNode = FALSE
	EndGlobalSection
	GlobalSection(ExtensibilityGlobals) = postSolution
		SolutionGuid = {F44FABDA-CE45-4D69-9852-1665E2CD5A3E}
	EndGlobalSection
EndGlobal
